// !$*UTF8*$!
{
	archiveVersion = 1;
	classes = {
	};
	objectVersion = 77;
	objects = {

/* Begin PBXContainerItemProxy section */
		A6E3DC732F2690E90035A6CE /* PBXContainerItemProxy */ = {
			isa = PBXContainerItemProxy;
			containerPortal = A6E3DC582F2690E80035A6CE /* Project object */;
			proxyType = 1;
			remoteGlobalIDString = A6E3DC5F2F2690E80035A6CE;
			remoteInfo = zadanie4;
		};
		A6E3DC7D2F2690E90035A6CE /* PBXContainerItemProxy */ = {
			isa = PBXContainerItemProxy;
			containerPortal = A6E3DC582F2690E80035A6CE /* Project object */;
			proxyType = 1;
			remoteGlobalIDString = A6E3DC5F2F2690E80035A6CE;
			remoteInfo = zadanie4;
		};
/* End PBXContainerItemProxy section */

/* Begin PBXFileReference section */
		A6E3DC602F2690E80035A6CE /* zadanie4.app */ = {isa = PBXFileReference; explicitFileType = wrapper.application; includeInIndex = 0; path = zadanie4.app; sourceTree = BUILT_PRODUCTS_DIR; };
		A6E3DC722F2690E90035A6CE /* zadanie4Tests.xctest */ = {isa = PBXFileReference; explicitFileType = wrapper.cfbundle; includeInIndex = 0; path = zadanie4Tests.xctest; sourceTree = BUILT_PRODUCTS_DIR; };
		A6E3DC7C2F2690E90035A6CE /* zadanie4UITests.xctest */ = {isa = PBXFileReference; explicitFileType = wrapper.cfbundle; includeInIndex = 0; path = zadanie4UITests.xctest; sourceTree = BUILT_PRODUCTS_DIR; };
/* End PBXFileReference section */

/* Begin PBXFileSystemSynchronizedRootGroup section */
		A6E3DC622F2690E80035A6CE /* zadanie4 */ = {
			isa = PBXFileSystemSynchronizedRootGroup;
			path = zadanie4;
			sourceTree = "<group>";
		};
		A6E3DC752F2690E90035A6CE /* zadanie4Tests */ = {
			isa = PBXFileSystemSynchronizedRootGroup;
			path = zadanie4Tests;
			sourceTree = "<group>";
		};
		A6E3DC7F2F2690E90035A6CE /* zadanie4UITests */ = {
			isa = PBXFileSystemSynchronizedRootGroup;
			path = zadanie4UITests;
			sourceTree = "<group>";
		};
/* End PBXFileSystemSynchronizedRootGroup section */

/* Begin PBXFrameworksBuildPhase section */
		A6E3DC5D2F2690E80035A6CE /* Frameworks */ = {
			isa = PBXFrameworksBuildPhase;
			buildActionMask = 2147483647;
			files = (
			);
			runOnlyForDeploymentPostprocessing = 0;
		};
		A6E3DC6F2F2690E90035A6CE /* Frameworks */ = {
			isa = PBXFrameworksBuildPhase;
			buildActionMask = 2147483647;
			files = (
			);
			runOnlyForDeploymentPostprocessing = 0;
		};
		A6E3DC792F2690E90035A6CE /* Frameworks */ = {
			isa = PBXFrameworksBuildPhase;
			buildActionMask = 2147483647;
			files = (
			);
			runOnlyForDeploymentPostprocessing = 0;
		};
/* End PBXFrameworksBuildPhase section */

/* Begin PBXGroup section */
		A6E3DC572F2690E80035A6CE = {
			isa = PBXGroup;
			children = (
				A6E3DC622F2690E80035A6CE /* zadanie4 */,
				A6E3DC752F2690E90035A6CE /* zadanie4Tests */,
				A6E3DC7F2F2690E90035A6CE /* zadanie4UITests */,
				A6E3DC612F2690E80035A6CE /* Products */,
			);
			sourceTree = "<group>";
		};
		A6E3DC612F2690E80035A6CE /* Products */ = {
			isa = PBXGroup;
			children = (
				A6E3DC602F2690E80035A6CE /* zadanie4.app */,
				A6E3DC722F2690E90035A6CE /* zadanie4Tests.xctest */,
				A6E3DC7C2F2690E90035A6CE /* zadanie4UITests.xctest */,
			);
			name = Products;
			sourceTree = "<group>";
		};
/* End PBXGroup section */

/* Begin PBXNativeTarget section */
		A6E3DC5F2F2690E80035A6CE /* zadanie4 */ = {
			isa = PBXNativeTarget;
			buildConfigurationList = A6E3DC862F2690E90035A6CE /* Build configuration list for PBXNativeTarget "zadanie4" */;
			buildPhases = (
				A6E3DC5C2F2690E80035A6CE /* Sources */,
				A6E3DC5D2F2690E80035A6CE /* Frameworks */,
				A6E3DC5E2F2690E80035A6CE /* Resources */,
			);
			buildRules = (
			);
			dependencies = (
			);
			fileSystemSynchronizedGroups = (
				A6E3DC622F2690E80035A6CE /* zadanie4 */,
			);
			name = zadanie4;
			packageProductDependencies = (
			);
			productName = zadanie4;
			productReference = A6E3DC602F2690E80035A6CE /* zadanie4.app */;
			productType = "com.apple.product-type.application";
		};
		A6E3DC712F2690E90035A6CE /* zadanie4Tests */ = {
			isa = PBXNativeTarget;
			buildConfigurationList = A6E3DC892F2690E90035A6CE /* Build configuration list for PBXNativeTarget "zadanie4Tests" */;
			buildPhases = (
				A6E3DC6E2F2690E90035A6CE /* Sources */,
				A6E3DC6F2F2690E90035A6CE /* Frameworks */,
				A6E3DC702F2690E90035A6CE /* Resources */,
			);
			buildRules = (
			);
			dependencies = (
				A6E3DC742F2690E90035A6CE /* PBXTargetDependency */,
			);
			fileSystemSynchronizedGroups = (
				A6E3DC752F2690E90035A6CE /* zadanie4Tests */,
			);
			name = zadanie4Tests;
			packageProductDependencies = (
			);
			productName = zadanie4Tests;
			productReference = A6E3DC722F2690E90035A6CE /* zadanie4Tests.xctest */;
			productType = "com.apple.product-type.bundle.unit-test";
		};
		A6E3DC7B2F2690E90035A6CE /* zadanie4UITests */ = {
			isa = PBXNativeTarget;
			buildConfigurationList = A6E3DC8C2F2690E90035A6CE /* Build configuration list for PBXNativeTarget "zadanie4UITests" */;
			buildPhases = (
				A6E3DC782F2690E90035A6CE /* Sources */,
				A6E3DC792F2690E90035A6CE /* Frameworks */,
				A6E3DC7A2F2690E90035A6CE /* Resources */,
			);
			buildRules = (
			);
			dependencies = (
				A6E3DC7E2F2690E90035A6CE /* PBXTargetDependency */,
			);
			fileSystemSynchronizedGroups = (
				A6E3DC7F2F2690E90035A6CE /* zadanie4UITests */,
			);
			name = zadanie4UITests;
			packageProductDependencies = (
			);
			productName = zadanie4UITests;
			productReference = A6E3DC7C2F2690E90035A6CE /* zadanie4UITests.xctest */;
			productType = "com.apple.product-type.bundle.ui-testing";
		};
/* End PBXNativeTarget section */

/* Begin PBXProject section */
		A6E3DC582F2690E80035A6CE /* Project object */ = {
			isa = PBXProject;
			attributes = {
				BuildIndependentTargetsInParallel = 1;
				LastSwiftUpdateCheck = 1640;
				LastUpgradeCheck = 1640;
				TargetAttributes = {
					A6E3DC5F2F2690E80035A6CE = {
						CreatedOnToolsVersion = 16.4;
					};
					A6E3DC712F2690E90035A6CE = {
						CreatedOnToolsVersion = 16.4;
						TestTargetID = A6E3DC5F2F2690E80035A6CE;
					};
					A6E3DC7B2F2690E90035A6CE = {
						CreatedOnToolsVersion = 16.4;
						TestTargetID = A6E3DC5F2F2690E80035A6CE;
					};
				};
			};
			buildConfigurationList = A6E3DC5B2F2690E80035A6CE /* Build configuration list for PBXProject "zadanie4" */;
			developmentRegion = en;
			hasScannedForEncodings = 0;
			knownRegions = (
				en,
				Base,
			);
			mainGroup = A6E3DC572F2690E80035A6CE;
			minimizedProjectReferenceProxies = 1;
			preferredProjectObjectVersion = 77;
			productRefGroup = A6E3DC612F2690E80035A6CE /* Products */;
			projectDirPath = "";
			projectRoot = "";
			targets = (
				A6E3DC5F2F2690E80035A6CE /* zadanie4 */,
				A6E3DC712F2690E90035A6CE /* zadanie4Tests */,
				A6E3DC7B2F2690E90035A6CE /* zadanie4UITests */,
			);
		};
/* End PBXProject section */

/* Begin PBXResourcesBuildPhase section */
		A6E3DC5E2F2690E80035A6CE /* Resources */ = {
			isa = PBXResourcesBuildPhase;
			buildActionMask = 2147483647;
			files = (
			);
			runOnlyForDeploymentPostprocessing = 0;
		};
		A6E3DC702F2690E90035A6CE /* Resources */ = {
			isa = PBXResourcesBuildPhase;
			buildActionMask = 2147483647;
			files = (
			);
			runOnlyForDeploymentPostprocessing = 0;
		};
		A6E3DC7A2F2690E90035A6CE /* Resources */ = {
			isa = PBXResourcesBuildPhase;
			buildActionMask = 2147483647;
			files = (
			);
			runOnlyForDeploymentPostprocessing = 0;
		};
/* End PBXResourcesBuildPhase section */

/* Begin PBXSourcesBuildPhase section */
		A6E3DC5C2F2690E80035A6CE /* Sources */ = {
			isa = PBXSourcesBuildPhase;
			buildActionMask = 2147483647;
			files = (
			);
			runOnlyForDeploymentPostprocessing = 0;
		};
		A6E3DC6E2F2690E90035A6CE /* Sources */ = {
			isa = PBXSourcesBuildPhase;
			buildActionMask = 2147483647;
			files = (
			);
			runOnlyForDeploymentPostprocessing = 0;
		};
		A6E3DC782F2690E90035A6CE /* Sources */ = {
			isa = PBXSourcesBuildPhase;
			buildActionMask = 2147483647;
			files = (
			);
			runOnlyForDeploymentPostprocessing = 0;
		};
/* End PBXSourcesBuildPhase section */

/* Begin PBXTargetDependency section */
		A6E3DC742F2690E90035A6CE /* PBXTargetDependency */ = {
			isa = PBXTargetDependency;
			target = A6E3DC5F2F2690E80035A6CE /* zadanie4 */;
			targetProxy = A6E3DC732F2690E90035A6CE /* PBXContainerItemProxy */;
		};
		A6E3DC7E2F2690E90035A6CE /* PBXTargetDependency */ = {
			isa = PBXTargetDependency;
			target = A6E3DC5F2F2690E80035A6CE /* zadanie4 */;
			targetProxy = A6E3DC7D2F2690E90035A6CE /* PBXContainerItemProxy */;
		};
/* End PBXTargetDependency section */

/* Begin XCBuildConfiguration section */
		A6E3DC842F2690E90035A6CE /* Debug */ = {
			isa = XCBuildConfiguration;
			buildSettings = {
				ALWAYS_SEARCH_USER_PATHS = NO;
				ASSETCATALOG_COMPILER_GENERATE_SWIFT_ASSET_SYMBOL_EXTENSIONS = YES;
				CLANG_ANALYZER_NONNULL = YES;
				CLANG_ANALYZER_NUMBER_OBJECT_CONVERSION = YES_AGGRESSIVE;
				CLANG_CXX_LANGUAGE_STANDARD = "gnu++20";
				CLANG_ENABLE_MODULES = YES;
				CLANG_ENABLE_OBJC_ARC = YES;
				CLANG_ENABLE_OBJC_WEAK = YES;
				CLANG_WARN_BLOCK_CAPTURE_AUTORELEASING = YES;
				CLANG_WARN_BOOL_CONVERSION = YES;
				CLANG_WARN_COMMA = YES;
				CLANG_WARN_CONSTANT_CONVERSION = YES;
				CLANG_WARN_DEPRECATED_OBJC_IMPLEMENTATIONS = YES;
				CLANG_WARN_DIRECT_OBJC_ISA_USAGE = YES_ERROR;
				CLANG_WARN_DOCUMENTATION_COMMENTS = YES;
				CLANG_WARN_EMPTY_BODY = YES;
				CLANG_WARN_ENUM_CONVERSION = YES;
				CLANG_WARN_INFINITE_RECURSION = YES;
				CLANG_WARN_INT_CONVERSION = YES;
				CLANG_WARN_NON_LITERAL_NULL_CONVERSION = YES;
				CLANG_WARN_OBJC_IMPLICIT_RETAIN_SELF = YES;
				CLANG_WARN_OBJC_LITERAL_CONVERSION = YES;
				CLANG_WARN_OBJC_ROOT_CLASS = YES_ERROR;
				CLANG_WARN_QUOTED_INCLUDE_IN_FRAMEWORK_HEADER = YES;
				CLANG_WARN_RANGE_LOOP_ANALYSIS = YES;
				CLANG_WARN_STRICT_PROTOTYPES = YES;
				CLANG_WARN_SUSPICIOUS_MOVE = YES;
				CLANG_WARN_UNGUARDED_AVAILABILITY = YES_AGGRESSIVE;
				CLANG_WARN_UNREACHABLE_CODE = YES;
				CLANG_WARN__DUPLICATE_METHOD_MATCH = YES;
				COPY_PHASE_STRIP = NO;
				DEBUG_INFORMATION_FORMAT = dwarf;
				ENABLE_STRICT_OBJC_MSGSEND = YES;
				ENABLE_TESTABILITY = YES;
				ENABLE_USER_SCRIPT_SANDBOXING = YES;
				GCC_C_LANGUAGE_STANDARD = gnu17;
				GCC_DYNAMIC_NO_PIC = NO;
				GCC_NO_COMMON_BLOCKS = YES;
				GCC_OPTIMIZATION_LEVEL = 0;
				GCC_PREPROCESSOR_DEFINITIONS = (
					"DEBUG=1",
					"$(inherited)",
				);
				GCC_WARN_64_TO_32_BIT_CONVERSION = YES;
				GCC_WARN_ABOUT_RETURN_TYPE = YES_ERROR;
				GCC_WARN_UNDECLARED_SELECTOR = YES;
				GCC_WARN_UNINITIALIZED_AUTOS = YES_AGGRESSIVE;
				GCC_WARN_UNUSED_FUNCTION = YES;
				GCC_WARN_UNUSED_VARIABLE = YES;
				IPHONEOS_DEPLOYMENT_TARGET = 18.5;
				LOCALIZATION_PREFERS_STRING_CATALOGS = YES;
				MTL_ENABLE_DEBUG_INFO = INCLUDE_SOURCE;
				MTL_FAST_MATH = YES;
				ONLY_ACTIVE_ARCH = YES;
				SDKROOT = iphoneos;
				SWIFT_ACTIVE_COMPILATION_CONDITIONS = "DEBUG $(inherited)";
				SWIFT_OPTIMIZATION_LEVEL = "-Onone";
			};
			name = Debug;
		};
		A6E3DC852F2690E90035A6CE /* Release */ = {
			isa = XCBuildConfiguration;
			buildSettings = {
				ALWAYS_SEARCH_USER_PATHS = NO;
				ASSETCATALOG_COMPILER_GENERATE_SWIFT_ASSET_SYMBOL_EXTENSIONS = YES;
				CLANG_ANALYZER_NONNULL = YES;
				CLANG_ANALYZER_NUMBER_OBJECT_CONVERSION = YES_AGGRESSIVE;
				CLANG_CXX_LANGUAGE_STANDARD = "gnu++20";
				CLANG_ENABLE_MODULES = YES;
				CLANG_ENABLE_OBJC_ARC = YES;
				CLANG_ENABLE_OBJC_WEAK = YES;
				CLANG_WARN_BLOCK_CAPTURE_AUTORELEASING = YES;
				CLANG_WARN_BOOL_CONVERSION = YES;
				CLANG_WARN_COMMA = YES;
				CLANG_WARN_CONSTANT_CONVERSION = YES;
				CLANG_WARN_DEPRECATED_OBJC_IMPLEMENTATIONS = YES;
				CLANG_WARN_DIRECT_OBJC_ISA_USAGE = YES_ERROR;
				CLANG_WARN_DOCUMENTATION_COMMENTS = YES;
				CLANG_WARN_EMPTY_BODY = YES;
				CLANG_WARN_ENUM_CONVERSION = YES;
				CLANG_WARN_INFINITE_RECURSION = YES;
				CLANG_WARN_INT_CONVERSION = YES;
				CLANG_WARN_NON_LITERAL_NULL_CONVERSION = YES;
				CLANG_WARN_OBJC_IMPLICIT_RETAIN_SELF = YES;
				CLANG_WARN_OBJC_LITERAL_CONVERSION = YES;
				CLANG_WARN_OBJC_ROOT_CLASS = YES_ERROR;
				CLANG_WARN_QUOTED_INCLUDE_IN_FRAMEWORK_HEADER = YES;
				CLANG_WARN_RANGE_LOOP_ANALYSIS = YES;
				CLANG_WARN_STRICT_PROTOTYPES = YES;
				CLANG_WARN_SUSPICIOUS_MOVE = YES;
				CLANG_WARN_UNGUARDED_AVAILABILITY = YES_AGGRESSIVE;
				CLANG_WARN_UNREACHABLE_CODE = YES;
				CLANG_WARN__DUPLICATE_METHOD_MATCH = YES;
				COPY_PHASE_STRIP = NO;
				DEBUG_INFORMATION_FORMAT = "dwarf-with-dsym";
				ENABLE_NS_ASSERTIONS = NO;
				ENABLE_STRICT_OBJC_MSGSEND = YES;
				ENABLE_USER_SCRIPT_SANDBOXING = YES;
				GCC_C_LANGUAGE_STANDARD = gnu17;
				GCC_NO_COMMON_BLOCKS = YES;
				GCC_WARN_64_TO_32_BIT_CONVERSION = YES;
				GCC_WARN_ABOUT_RETURN_TYPE = YES_ERROR;
				GCC_WARN_UNDECLARED_SELECTOR = YES;
				GCC_WARN_UNINITIALIZED_AUTOS = YES_AGGRESSIVE;
				GCC_WARN_UNUSED_FUNCTION = YES;
				GCC_WARN_UNUSED_VARIABLE = YES;
				IPHONEOS_DEPLOYMENT_TARGET = 18.5;
				LOCALIZATION_PREFERS_STRING_CATALOGS = YES;
				MTL_ENABLE_DEBUG_INFO = NO;
				MTL_FAST_MATH = YES;
				SDKROOT = iphoneos;
				SWIFT_COMPILATION_MODE = wholemodule;
				VALIDATE_PRODUCT = YES;
			};
			name = Release;
		};
		A6E3DC872F2690E90035A6CE /* Debug */ = {
			isa = XCBuildConfiguration;
			buildSettings = {
				ASSETCATALOG_COMPILER_APPICON_NAME = AppIcon;
				ASSETCATALOG_COMPILER_GLOBAL_ACCENT_COLOR_NAME = AccentColor;
				CODE_SIGN_STYLE = Automatic;
				CURRENT_PROJECT_VERSION = 1;
				ENABLE_PREVIEWS = YES;
				GENERATE_INFOPLIST_FILE = YES;
				INFOPLIST_KEY_UIApplicationSceneManifest_Generation = YES;
				INFOPLIST_KEY_UIApplicationSupportsIndirectInputEvents = YES;
				INFOPLIST_KEY_UILaunchScreen_Generation = YES;
				INFOPLIST_KEY_UISupportedInterfaceOrientations_iPad = "UIInterfaceOrientationPortrait UIInterfaceOrientationPortraitUpsideDown UIInterfaceOrientationLandscapeLeft UIInterfaceOrientationLandscapeRight";
				INFOPLIST_KEY_UISupportedInterfaceOrientations_iPhone = "UIInterfaceOrientationPortrait UIInterfaceOrientationLandscapeLeft UIInterfaceOrientationLandscapeRight";
				LD_RUNPATH_SEARCH_PATHS = (
					"$(inherited)",
					"@executable_path/Frameworks",
				);
				MARKETING_VERSION = 1.0;
				PRODUCT_BUNDLE_IDENTIFIER = maciej.zadanie4;
				PRODUCT_NAME = "$(TARGET_NAME)";
				SWIFT_EMIT_LOC_STRINGS = YES;
				SWIFT_VERSION = 5.0;
				TARGETED_DEVICE_FAMILY = "1,2";
			};
			name = Debug;
		};
		A6E3DC882F2690E90035A6CE /* Release */ = {
			isa = XCBuildConfiguration;
			buildSettings = {
				ASSETCATALOG_COMPILER_APPICON_NAME = AppIcon;
				ASSETCATALOG_COMPILER_GLOBAL_ACCENT_COLOR_NAME = AccentColor;
				CODE_SIGN_STYLE = Automatic;
				CURRENT_PROJECT_VERSION = 1;
				ENABLE_PREVIEWS = YES;
				GENERATE_INFOPLIST_FILE = YES;
				INFOPLIST_KEY_UIApplicationSceneManifest_Generation = YES;
				INFOPLIST_KEY_UIApplicationSupportsIndirectInputEvents = YES;
				INFOPLIST_KEY_UILaunchScreen_Generation = YES;
				INFOPLIST_KEY_UISupportedInterfaceOrientations_iPad = "UIInterfaceOrientationPortrait UIInterfaceOrientationPortraitUpsideDown UIInterfaceOrientationLandscapeLeft UIInterfaceOrientationLandscapeRight";
				INFOPLIST_KEY_UISupportedInterfaceOrientations_iPhone = "UIInterfaceOrientationPortrait UIInterfaceOrientationLandscapeLeft UIInterfaceOrientationLandscapeRight";
				LD_RUNPATH_SEARCH_PATHS = (
					"$(inherited)",
					"@executable_path/Frameworks",
				);
				MARKETING_VERSION = 1.0;
				PRODUCT_BUNDLE_IDENTIFIER = maciej.zadanie4;
				PRODUCT_NAME = "$(TARGET_NAME)";
				SWIFT_EMIT_LOC_STRINGS = YES;
				SWIFT_VERSION = 5.0;
				TARGETED_DEVICE_FAMILY = "1,2";
			};
			name = Release;
		};
		A6E3DC8A2F2690E90035A6CE /* Debug */ = {
			isa = XCBuildConfiguration;
			buildSettings = {
				BUNDLE_LOADER = "$(TEST_HOST)";
				CODE_SIGN_STYLE = Automatic;
				CURRENT_PROJECT_VERSION = 1;
				GENERATE_INFOPLIST_FILE = YES;
				IPHONEOS_DEPLOYMENT_TARGET = 18.5;
				MARKETING_VERSION = 1.0;
				PRODUCT_BUNDLE_IDENTIFIER = maciej.zadanie4Tests;
				PRODUCT_NAME = "$(TARGET_NAME)";
				SWIFT_EMIT_LOC_STRINGS = NO;
				SWIFT_VERSION = 5.0;
				TARGETED_DEVICE_FAMILY = "1,2";
				TEST_HOST = "$(BUILT_PRODUCTS_DIR)/zadanie4.app/$(BUNDLE_EXECUTABLE_FOLDER_PATH)/zadanie4";
			};
			name = Debug;
		};
		A6E3DC8B2F2690E90035A6CE /* Release */ = {
			isa = XCBuildConfiguration;
			buildSettings = {
				BUNDLE_LOADER = "$(TEST_HOST)";
				CODE_SIGN_STYLE = Automatic;
				CURRENT_PROJECT_VERSION = 1;
				GENERATE_INFOPLIST_FILE = YES;
				IPHONEOS_DEPLOYMENT_TARGET = 18.5;
				MARKETING_VERSION = 1.0;
				PRODUCT_BUNDLE_IDENTIFIER = maciej.zadanie4Tests;
				PRODUCT_NAME = "$(TARGET_NAME)";
				SWIFT_EMIT_LOC_STRINGS = NO;
				SWIFT_VERSION = 5.0;
				TARGETED_DEVICE_FAMILY = "1,2";
				TEST_HOST = "$(BUILT_PRODUCTS_DIR)/zadanie4.app/$(BUNDLE_EXECUTABLE_FOLDER_PATH)/zadanie4";
			};
			name = Release;
		};
		A6E3DC8D2F2690E90035A6CE /* Debug */ = {
			isa = XCBuildConfiguration;
			buildSettings = {
				CODE_SIGN_STYLE = Automatic;
				CURRENT_PROJECT_VERSION = 1;
				GENERATE_INFOPLIST_FILE = YES;
				MARKETING_VERSION = 1.0;
				PRODUCT_BUNDLE_IDENTIFIER = maciej.zadanie4UITests;
				PRODUCT_NAME = "$(TARGET_NAME)";
				SWIFT_EMIT_LOC_STRINGS = NO;
				SWIFT_VERSION = 5.0;
				TARGETED_DEVICE_FAMILY = "1,2";
				TEST_TARGET_NAME = zadanie4;
			};
			name = Debug;
		};
		A6E3DC8E2F2690E90035A6CE /* Release */ = {
			isa = XCBuildConfiguration;
			buildSettings = {
				CODE_SIGN_STYLE = Automatic;
				CURRENT_PROJECT_VERSION = 1;
				GENERATE_INFOPLIST_FILE = YES;
				MARKETING_VERSION = 1.0;
				PRODUCT_BUNDLE_IDENTIFIER = maciej.zadanie4UITests;
				PRODUCT_NAME = "$(TARGET_NAME)";
				SWIFT_EMIT_LOC_STRINGS = NO;
				SWIFT_VERSION = 5.0;
				TARGETED_DEVICE_FAMILY = "1,2";
				TEST_TARGET_NAME = zadanie4;
			};
			name = Release;
		};
/* End XCBuildConfiguration section */

/* Begin XCConfigurationList section */
		A6E3DC5B2F2690E80035A6CE /* Build configuration list for PBXProject "zadanie4" */ = {
			isa = XCConfigurationList;
			buildConfigurations = (
				A6E3DC842F2690E90035A6CE /* Debug */,
				A6E3DC852F2690E90035A6CE /* Release */,
			);
			defaultConfigurationIsVisible = 0;
			defaultConfigurationName = Release;
		};
		A6E3DC862F2690E90035A6CE /* Build configuration list for PBXNativeTarget "zadanie4" */ = {
			isa = XCConfigurationList;
			buildConfigurations = (
				A6E3DC872F2690E90035A6CE /* Debug */,
				A6E3DC882F2690E90035A6CE /* Release */,
			);
			defaultConfigurationIsVisible = 0;
			defaultConfigurationName = Release;
		};
		A6E3DC892F2690E90035A6CE /* Build configuration list for PBXNativeTarget "zadanie4Tests" */ = {
			isa = XCConfigurationList;
			buildConfigurations = (
				A6E3DC8A2F2690E90035A6CE /* Debug */,
				A6E3DC8B2F2690E90035A6CE /* Release */,
			);
			defaultConfigurationIsVisible = 0;
			defaultConfigurationName = Release;
		};
		A6E3DC8C2F2690E90035A6CE /* Build configuration list for PBXNativeTarget "zadanie4UITests" */ = {
			isa = XCConfigurationList;
			buildConfigurations = (
				A6E3DC8D2F2690E90035A6CE /* Debug */,
				A6E3DC8E2F2690E90035A6CE /* Release */,
			);
			defaultConfigurationIsVisible = 0;
			defaultConfigurationName = Release;
		};
/* End XCConfigurationList section */
	};
	rootObject = A6E3DC582F2690E80035A6CE /* Project object */;
}
