// !$*UTF8*$!
{
	archiveVersion = 1;
	classes = {
	};
	objectVersion = 77;
	objects = {

/* Begin PBXContainerItemProxy section */
		A67D15B72F2D346C0083A3A1 /* PBXContainerItemProxy */ = {
			isa = PBXContainerItemProxy;
			containerPortal = A67D15A12F2D346A0083A3A1 /* Project object */;
			proxyType = 1;
			remoteGlobalIDString = A67D15A82F2D346A0083A3A1;
			remoteInfo = zadanie7;
		};
		A67D15C12F2D346C0083A3A1 /* PBXContainerItemProxy */ = {
			isa = PBXContainerItemProxy;
			containerPortal = A67D15A12F2D346A0083A3A1 /* Project object */;
			proxyType = 1;
			remoteGlobalIDString = A67D15A82F2D346A0083A3A1;
			remoteInfo = zadanie7;
		};
/* End PBXContainerItemProxy section */

/* Begin PBXFileReference section */
		A67D15A92F2D346A0083A3A1 /* zadanie7.app */ = {isa = PBXFileReference; explicitFileType = wrapper.application; includeInIndex = 0; path = zadanie7.app; sourceTree = BUILT_PRODUCTS_DIR; };
		A67D15B62F2D346C0083A3A1 /* zadanie7Tests.xctest */ = {isa = PBXFileReference; explicitFileType = wrapper.cfbundle; includeInIndex = 0; path = zadanie7Tests.xctest; sourceTree = BUILT_PRODUCTS_DIR; };
		A67D15C02F2D346C0083A3A1 /* zadanie7UITests.xctest */ = {isa = PBXFileReference; explicitFileType = wrapper.cfbundle; includeInIndex = 0; path = zadanie7UITests.xctest; sourceTree = BUILT_PRODUCTS_DIR; };
/* End PBXFileReference section */

/* Begin PBXFileSystemSynchronizedRootGroup section */
		A67D15AB2F2D346A0083A3A1 /* zadanie7 */ = {
			isa = PBXFileSystemSynchronizedRootGroup;
			path = zadanie7;
			sourceTree = "<group>";
		};
		A67D15B92F2D346C0083A3A1 /* zadanie7Tests */ = {
			isa = PBXFileSystemSynchronizedRootGroup;
			path = zadanie7Tests;
			sourceTree = "<group>";
		};
		A67D15C32F2D346C0083A3A1 /* zadanie7UITests */ = {
			isa = PBXFileSystemSynchronizedRootGroup;
			path = zadanie7UITests;
			sourceTree = "<group>";
		};
/* End PBXFileSystemSynchronizedRootGroup section */

/* Begin PBXFrameworksBuildPhase section */
		A67D15A62F2D346A0083A3A1 /* Frameworks */ = {
			isa = PBXFrameworksBuildPhase;
			buildActionMask = 2147483647;
			files = (
			);
			runOnlyForDeploymentPostprocessing = 0;
		};
		A67D15B32F2D346C0083A3A1 /* Frameworks */ = {
			isa = PBXFrameworksBuildPhase;
			buildActionMask = 2147483647;
			files = (
			);
			runOnlyForDeploymentPostprocessing = 0;
		};
		A67D15BD2F2D346C0083A3A1 /* Frameworks */ = {
			isa = PBXFrameworksBuildPhase;
			buildActionMask = 2147483647;
			files = (
			);
			runOnlyForDeploymentPostprocessing = 0;
		};
/* End PBXFrameworksBuildPhase section */

/* Begin PBXGroup section */
		A67D15A02F2D346A0083A3A1 = {
			isa = PBXGroup;
			children = (
				A67D15AB2F2D346A0083A3A1 /* zadanie7 */,
				A67D15B92F2D346C0083A3A1 /* zadanie7Tests */,
				A67D15C32F2D346C0083A3A1 /* zadanie7UITests */,
				A67D15AA2F2D346A0083A3A1 /* Products */,
			);
			sourceTree = "<group>";
		};
		A67D15AA2F2D346A0083A3A1 /* Products */ = {
			isa = PBXGroup;
			children = (
				A67D15A92F2D346A0083A3A1 /* zadanie7.app */,
				A67D15B62F2D346C0083A3A1 /* zadanie7Tests.xctest */,
				A67D15C02F2D346C0083A3A1 /* zadanie7UITests.xctest */,
			);
			name = Products;
			sourceTree = "<group>";
		};
/* End PBXGroup section */

/* Begin PBXNativeTarget section */
		A67D15A82F2D346A0083A3A1 /* zadanie7 */ = {
			isa = PBXNativeTarget;
			buildConfigurationList = A67D15CA2F2D346C0083A3A1 /* Build configuration list for PBXNativeTarget "zadanie7" */;
			buildPhases = (
				A67D15A52F2D346A0083A3A1 /* Sources */,
				A67D15A62F2D346A0083A3A1 /* Frameworks */,
				A67D15A72F2D346A0083A3A1 /* Resources */,
			);
			buildRules = (
			);
			dependencies = (
			);
			fileSystemSynchronizedGroups = (
				A67D15AB2F2D346A0083A3A1 /* zadanie7 */,
			);
			name = zadanie7;
			packageProductDependencies = (
			);
			productName = zadanie7;
			productReference = A67D15A92F2D346A0083A3A1 /* zadanie7.app */;
			productType = "com.apple.product-type.application";
		};
		A67D15B52F2D346C0083A3A1 /* zadanie7Tests */ = {
			isa = PBXNativeTarget;
			buildConfigurationList = A67D15CD2F2D346C0083A3A1 /* Build configuration list for PBXNativeTarget "zadanie7Tests" */;
			buildPhases = (
				A67D15B22F2D346C0083A3A1 /* Sources */,
				A67D15B32F2D346C0083A3A1 /* Frameworks */,
				A67D15B42F2D346C0083A3A1 /* Resources */,
			);
			buildRules = (
			);
			dependencies = (
				A67D15B82F2D346C0083A3A1 /* PBXTargetDependency */,
			);
			fileSystemSynchronizedGroups = (
				A67D15B92F2D346C0083A3A1 /* zadanie7Tests */,
			);
			name = zadanie7Tests;
			packageProductDependencies = (
			);
			productName = zadanie7Tests;
			productReference = A67D15B62F2D346C0083A3A1 /* zadanie7Tests.xctest */;
			productType = "com.apple.product-type.bundle.unit-test";
		};
		A67D15BF2F2D346C0083A3A1 /* zadanie7UITests */ = {
			isa = PBXNativeTarget;
			buildConfigurationList = A67D15D02F2D346C0083A3A1 /* Build configuration list for PBXNativeTarget "zadanie7UITests" */;
			buildPhases = (
				A67D15BC2F2D346C0083A3A1 /* Sources */,
				A67D15BD2F2D346C0083A3A1 /* Frameworks */,
				A67D15BE2F2D346C0083A3A1 /* Resources */,
			);
			buildRules = (
			);
			dependencies = (
				A67D15C22F2D346C0083A3A1 /* PBXTargetDependency */,
			);
			fileSystemSynchronizedGroups = (
				A67D15C32F2D346C0083A3A1 /* zadanie7UITests */,
			);
			name = zadanie7UITests;
			packageProductDependencies = (
			);
			productName = zadanie7UITests;
			productReference = A67D15C02F2D346C0083A3A1 /* zadanie7UITests.xctest */;
			productType = "com.apple.product-type.bundle.ui-testing";
		};
/* End PBXNativeTarget section */

/* Begin PBXProject section */
		A67D15A12F2D346A0083A3A1 /* Project object */ = {
			isa = PBXProject;
			attributes = {
				BuildIndependentTargetsInParallel = 1;
				LastSwiftUpdateCheck = 1640;
				LastUpgradeCheck = 1640;
				TargetAttributes = {
					A67D15A82F2D346A0083A3A1 = {
						CreatedOnToolsVersion = 16.4;
					};
					A67D15B52F2D346C0083A3A1 = {
						CreatedOnToolsVersion = 16.4;
						TestTargetID = A67D15A82F2D346A0083A3A1;
					};
					A67D15BF2F2D346C0083A3A1 = {
						CreatedOnToolsVersion = 16.4;
						TestTargetID = A67D15A82F2D346A0083A3A1;
					};
				};
			};
			buildConfigurationList = A67D15A42F2D346A0083A3A1 /* Build configuration list for PBXProject "zadanie7" */;
			developmentRegion = en;
			hasScannedForEncodings = 0;
			knownRegions = (
				en,
				Base,
			);
			mainGroup = A67D15A02F2D346A0083A3A1;
			minimizedProjectReferenceProxies = 1;
			preferredProjectObjectVersion = 77;
			productRefGroup = A67D15AA2F2D346A0083A3A1 /* Products */;
			projectDirPath = "";
			projectRoot = "";
			targets = (
				A67D15A82F2D346A0083A3A1 /* zadanie7 */,
				A67D15B52F2D346C0083A3A1 /* zadanie7Tests */,
				A67D15BF2F2D346C0083A3A1 /* zadanie7UITests */,
			);
		};
/* End PBXProject section */

/* Begin PBXResourcesBuildPhase section */
		A67D15A72F2D346A0083A3A1 /* Resources */ = {
			isa = PBXResourcesBuildPhase;
			buildActionMask = 2147483647;
			files = (
			);
			runOnlyForDeploymentPostprocessing = 0;
		};
		A67D15B42F2D346C0083A3A1 /* Resources */ = {
			isa = PBXResourcesBuildPhase;
			buildActionMask = 2147483647;
			files = (
			);
			runOnlyForDeploymentPostprocessing = 0;
		};
		A67D15BE2F2D346C0083A3A1 /* Resources */ = {
			isa = PBXResourcesBuildPhase;
			buildActionMask = 2147483647;
			files = (
			);
			runOnlyForDeploymentPostprocessing = 0;
		};
/* End PBXResourcesBuildPhase section */

/* Begin PBXSourcesBuildPhase section */
		A67D15A52F2D346A0083A3A1 /* Sources */ = {
			isa = PBXSourcesBuildPhase;
			buildActionMask = 2147483647;
			files = (
			);
			runOnlyForDeploymentPostprocessing = 0;
		};
		A67D15B22F2D346C0083A3A1 /* Sources */ = {
			isa = PBXSourcesBuildPhase;
			buildActionMask = 2147483647;
			files = (
			);
			runOnlyForDeploymentPostprocessing = 0;
		};
		A67D15BC2F2D346C0083A3A1 /* Sources */ = {
			isa = PBXSourcesBuildPhase;
			buildActionMask = 2147483647;
			files = (
			);
			runOnlyForDeploymentPostprocessing = 0;
		};
/* End PBXSourcesBuildPhase section */

/* Begin PBXTargetDependency section */
		A67D15B82F2D346C0083A3A1 /* PBXTargetDependency */ = {
			isa = PBXTargetDependency;
			target = A67D15A82F2D346A0083A3A1 /* zadanie7 */;
			targetProxy = A67D15B72F2D346C0083A3A1 /* PBXContainerItemProxy */;
		};
		A67D15C22F2D346C0083A3A1 /* PBXTargetDependency */ = {
			isa = PBXTargetDependency;
			target = A67D15A82F2D346A0083A3A1 /* zadanie7 */;
			targetProxy = A67D15C12F2D346C0083A3A1 /* PBXContainerItemProxy */;
		};
/* End PBXTargetDependency section */

/* Begin XCBuildConfiguration section */
		A67D15C82F2D346C0083A3A1 /* Debug */ = {
			isa = XCBuildConfiguration;
			buildSettings = {
				ALWAYS_SEARCH_USER_PATHS = NO;
				ASSETCATALOG_COMPILER_GENERATE_SWIFT_ASSET_SYMBOL_EXTENSIONS = YES;
				CLANG_ANALYZER_NONNULL = YES;
				CLANG_ANALYZER_NUMBER_OBJECT_CONVERSION = YES_AGGRESSIVE;
				CLANG_CXX_LANGUAGE_STANDARD = "gnu++20";
				CLANG_ENABLE_MODULES = YES;
				CLANG_ENABLE_OBJC_ARC = YES;
				CLANG_ENABLE_OBJC_WEAK = YES;
				CLANG_WARN_BLOCK_CAPTURE_AUTORELEASING = YES;
				CLANG_WARN_BOOL_CONVERSION = YES;
				CLANG_WARN_COMMA = YES;
				CLANG_WARN_CONSTANT_CONVERSION = YES;
				CLANG_WARN_DEPRECATED_OBJC_IMPLEMENTATIONS = YES;
				CLANG_WARN_DIRECT_OBJC_ISA_USAGE = YES_ERROR;
				CLANG_WARN_DOCUMENTATION_COMMENTS = YES;
				CLANG_WARN_EMPTY_BODY = YES;
				CLANG_WARN_ENUM_CONVERSION = YES;
				CLANG_WARN_INFINITE_RECURSION = YES;
				CLANG_WARN_INT_CONVERSION = YES;
				CLANG_WARN_NON_LITERAL_NULL_CONVERSION = YES;
				CLANG_WARN_OBJC_IMPLICIT_RETAIN_SELF = YES;
				CLANG_WARN_OBJC_LITERAL_CONVERSION = YES;
				CLANG_WARN_OBJC_ROOT_CLASS = YES_ERROR;
				CLANG_WARN_QUOTED_INCLUDE_IN_FRAMEWORK_HEADER = YES;
				CLANG_WARN_RANGE_LOOP_ANALYSIS = YES;
				CLANG_WARN_STRICT_PROTOTYPES = YES;
				CLANG_WARN_SUSPICIOUS_MOVE = YES;
				CLANG_WARN_UNGUARDED_AVAILABILITY = YES_AGGRESSIVE;
				CLANG_WARN_UNREACHABLE_CODE = YES;
				CLANG_WARN__DUPLICATE_METHOD_MATCH = YES;
				COPY_PHASE_STRIP = NO;
				DEBUG_INFORMATION_FORMAT = dwarf;
				ENABLE_STRICT_OBJC_MSGSEND = YES;
				ENABLE_TESTABILITY = YES;
				ENABLE_USER_SCRIPT_SANDBOXING = YES;
				GCC_C_LANGUAGE_STANDARD = gnu17;
				GCC_DYNAMIC_NO_PIC = NO;
				GCC_NO_COMMON_BLOCKS = YES;
				GCC_OPTIMIZATION_LEVEL = 0;
				GCC_PREPROCESSOR_DEFINITIONS = (
					"DEBUG=1",
					"$(inherited)",
				);
				GCC_WARN_64_TO_32_BIT_CONVERSION = YES;
				GCC_WARN_ABOUT_RETURN_TYPE = YES_ERROR;
				GCC_WARN_UNDECLARED_SELECTOR = YES;
				GCC_WARN_UNINITIALIZED_AUTOS = YES_AGGRESSIVE;
				GCC_WARN_UNUSED_FUNCTION = YES;
				GCC_WARN_UNUSED_VARIABLE = YES;
				IPHONEOS_DEPLOYMENT_TARGET = 18.5;
				LOCALIZATION_PREFERS_STRING_CATALOGS = YES;
				MTL_ENABLE_DEBUG_INFO = INCLUDE_SOURCE;
				MTL_FAST_MATH = YES;
				ONLY_ACTIVE_ARCH = YES;
				SDKROOT = iphoneos;
				SWIFT_ACTIVE_COMPILATION_CONDITIONS = "DEBUG $(inherited)";
				SWIFT_OPTIMIZATION_LEVEL = "-Onone";
			};
			name = Debug;
		};
		A67D15C92F2D346C0083A3A1 /* Release */ = {
			isa = XCBuildConfiguration;
			buildSettings = {
				ALWAYS_SEARCH_USER_PATHS = NO;
				ASSETCATALOG_COMPILER_GENERATE_SWIFT_ASSET_SYMBOL_EXTENSIONS = YES;
				CLANG_ANALYZER_NONNULL = YES;
				CLANG_ANALYZER_NUMBER_OBJECT_CONVERSION = YES_AGGRESSIVE;
				CLANG_CXX_LANGUAGE_STANDARD = "gnu++20";
				CLANG_ENABLE_MODULES = YES;
				CLANG_ENABLE_OBJC_ARC = YES;
				CLANG_ENABLE_OBJC_WEAK = YES;
				CLANG_WARN_BLOCK_CAPTURE_AUTORELEASING = YES;
				CLANG_WARN_BOOL_CONVERSION = YES;
				CLANG_WARN_COMMA = YES;
				CLANG_WARN_CONSTANT_CONVERSION = YES;
				CLANG_WARN_DEPRECATED_OBJC_IMPLEMENTATIONS = YES;
				CLANG_WARN_DIRECT_OBJC_ISA_USAGE = YES_ERROR;
				CLANG_WARN_DOCUMENTATION_COMMENTS = YES;
				CLANG_WARN_EMPTY_BODY = YES;
				CLANG_WARN_ENUM_CONVERSION = YES;
				CLANG_WARN_INFINITE_RECURSION = YES;
				CLANG_WARN_INT_CONVERSION = YES;
				CLANG_WARN_NON_LITERAL_NULL_CONVERSION = YES;
				CLANG_WARN_OBJC_IMPLICIT_RETAIN_SELF = YES;
				CLANG_WARN_OBJC_LITERAL_CONVERSION = YES;
				CLANG_WARN_OBJC_ROOT_CLASS = YES_ERROR;
				CLANG_WARN_QUOTED_INCLUDE_IN_FRAMEWORK_HEADER = YES;
				CLANG_WARN_RANGE_LOOP_ANALYSIS = YES;
				CLANG_WARN_STRICT_PROTOTYPES = YES;
				CLANG_WARN_SUSPICIOUS_MOVE = YES;
				CLANG_WARN_UNGUARDED_AVAILABILITY = YES_AGGRESSIVE;
				CLANG_WARN_UNREACHABLE_CODE = YES;
				CLANG_WARN__DUPLICATE_METHOD_MATCH = YES;
				COPY_PHASE_STRIP = NO;
				DEBUG_INFORMATION_FORMAT = "dwarf-with-dsym";
				ENABLE_NS_ASSERTIONS = NO;
				ENABLE_STRICT_OBJC_MSGSEND = YES;
				ENABLE_USER_SCRIPT_SANDBOXING = YES;
				GCC_C_LANGUAGE_STANDARD = gnu17;
				GCC_NO_COMMON_BLOCKS = YES;
				GCC_WARN_64_TO_32_BIT_CONVERSION = YES;
				GCC_WARN_ABOUT_RETURN_TYPE = YES_ERROR;
				GCC_WARN_UNDECLARED_SELECTOR = YES;
				GCC_WARN_UNINITIALIZED_AUTOS = YES_AGGRESSIVE;
				GCC_WARN_UNUSED_FUNCTION = YES;
				GCC_WARN_UNUSED_VARIABLE = YES;
				IPHONEOS_DEPLOYMENT_TARGET = 18.5;
				LOCALIZATION_PREFERS_STRING_CATALOGS = YES;
				MTL_ENABLE_DEBUG_INFO = NO;
				MTL_FAST_MATH = YES;
				SDKROOT = iphoneos;
				SWIFT_COMPILATION_MODE = wholemodule;
				VALIDATE_PRODUCT = YES;
			};
			name = Release;
		};
		A67D15CB2F2D346C0083A3A1 /* Debug */ = {
			isa = XCBuildConfiguration;
			buildSettings = {
				ASSETCATALOG_COMPILER_APPICON_NAME = AppIcon;
				ASSETCATALOG_COMPILER_GLOBAL_ACCENT_COLOR_NAME = AccentColor;
				CODE_SIGN_STYLE = Automatic;
				CURRENT_PROJECT_VERSION = 1;
				ENABLE_PREVIEWS = YES;
				GENERATE_INFOPLIST_FILE = YES;
				INFOPLIST_KEY_UIApplicationSceneManifest_Generation = YES;
				INFOPLIST_KEY_UIApplicationSupportsIndirectInputEvents = YES;
				INFOPLIST_KEY_UILaunchScreen_Generation = YES;
				INFOPLIST_KEY_UISupportedInterfaceOrientations_iPad = "UIInterfaceOrientationPortrait UIInterfaceOrientationPortraitUpsideDown UIInterfaceOrientationLandscapeLeft UIInterfaceOrientationLandscapeRight";
				INFOPLIST_KEY_UISupportedInterfaceOrientations_iPhone = "UIInterfaceOrientationPortrait UIInterfaceOrientationLandscapeLeft UIInterfaceOrientationLandscapeRight";
				LD_RUNPATH_SEARCH_PATHS = (
					"$(inherited)",
					"@executable_path/Frameworks",
				);
				MARKETING_VERSION = 1.0;
				PRODUCT_BUNDLE_IDENTIFIER = maciej.zadanie7;
				PRODUCT_NAME = "$(TARGET_NAME)";
				SWIFT_EMIT_LOC_STRINGS = YES;
				SWIFT_VERSION = 5.0;
				TARGETED_DEVICE_FAMILY = "1,2";
			};
			name = Debug;
		};
		A67D15CC2F2D346C0083A3A1 /* Release */ = {
			isa = XCBuildConfiguration;
			buildSettings = {
				ASSETCATALOG_COMPILER_APPICON_NAME = AppIcon;
				ASSETCATALOG_COMPILER_GLOBAL_ACCENT_COLOR_NAME = AccentColor;
				CODE_SIGN_STYLE = Automatic;
				CURRENT_PROJECT_VERSION = 1;
				ENABLE_PREVIEWS = YES;
				GENERATE_INFOPLIST_FILE = YES;
				INFOPLIST_KEY_UIApplicationSceneManifest_Generation = YES;
				INFOPLIST_KEY_UIApplicationSupportsIndirectInputEvents = YES;
				INFOPLIST_KEY_UILaunchScreen_Generation = YES;
				INFOPLIST_KEY_UISupportedInterfaceOrientations_iPad = "UIInterfaceOrientationPortrait UIInterfaceOrientationPortraitUpsideDown UIInterfaceOrientationLandscapeLeft UIInterfaceOrientationLandscapeRight";
				INFOPLIST_KEY_UISupportedInterfaceOrientations_iPhone = "UIInterfaceOrientationPortrait UIInterfaceOrientationLandscapeLeft UIInterfaceOrientationLandscapeRight";
				LD_RUNPATH_SEARCH_PATHS = (
					"$(inherited)",
					"@executable_path/Frameworks",
				);
				MARKETING_VERSION = 1.0;
				PRODUCT_BUNDLE_IDENTIFIER = maciej.zadanie7;
				PRODUCT_NAME = "$(TARGET_NAME)";
				SWIFT_EMIT_LOC_STRINGS = YES;
				SWIFT_VERSION = 5.0;
				TARGETED_DEVICE_FAMILY = "1,2";
			};
			name = Release;
		};
		A67D15CE2F2D346C0083A3A1 /* Debug */ = {
			isa = XCBuildConfiguration;
			buildSettings = {
				BUNDLE_LOADER = "$(TEST_HOST)";
				CODE_SIGN_STYLE = Automatic;
				CURRENT_PROJECT_VERSION = 1;
				GENERATE_INFOPLIST_FILE = YES;
				IPHONEOS_DEPLOYMENT_TARGET = 18.5;
				MARKETING_VERSION = 1.0;
				PRODUCT_BUNDLE_IDENTIFIER = maciej.zadanie7Tests;
				PRODUCT_NAME = "$(TARGET_NAME)";
				SWIFT_EMIT_LOC_STRINGS = NO;
				SWIFT_VERSION = 5.0;
				TARGETED_DEVICE_FAMILY = "1,2";
				TEST_HOST = "$(BUILT_PRODUCTS_DIR)/zadanie7.app/$(BUNDLE_EXECUTABLE_FOLDER_PATH)/zadanie7";
			};
			name = Debug;
		};
		A67D15CF2F2D346C0083A3A1 /* Release */ = {
			isa = XCBuildConfiguration;
			buildSettings = {
				BUNDLE_LOADER = "$(TEST_HOST)";
				CODE_SIGN_STYLE = Automatic;
				CURRENT_PROJECT_VERSION = 1;
				GENERATE_INFOPLIST_FILE = YES;
				IPHONEOS_DEPLOYMENT_TARGET = 18.5;
				MARKETING_VERSION = 1.0;
				PRODUCT_BUNDLE_IDENTIFIER = maciej.zadanie7Tests;
				PRODUCT_NAME = "$(TARGET_NAME)";
				SWIFT_EMIT_LOC_STRINGS = NO;
				SWIFT_VERSION = 5.0;
				TARGETED_DEVICE_FAMILY = "1,2";
				TEST_HOST = "$(BUILT_PRODUCTS_DIR)/zadanie7.app/$(BUNDLE_EXECUTABLE_FOLDER_PATH)/zadanie7";
			};
			name = Release;
		};
		A67D15D12F2D346C0083A3A1 /* Debug */ = {
			isa = XCBuildConfiguration;
			buildSettings = {
				CODE_SIGN_STYLE = Automatic;
				CURRENT_PROJECT_VERSION = 1;
				GENERATE_INFOPLIST_FILE = YES;
				MARKETING_VERSION = 1.0;
				PRODUCT_BUNDLE_IDENTIFIER = maciej.zadanie7UITests;
				PRODUCT_NAME = "$(TARGET_NAME)";
				SWIFT_EMIT_LOC_STRINGS = NO;
				SWIFT_VERSION = 5.0;
				TARGETED_DEVICE_FAMILY = "1,2";
				TEST_TARGET_NAME = zadanie7;
			};
			name = Debug;
		};
		A67D15D22F2D346C0083A3A1 /* Release */ = {
			isa = XCBuildConfiguration;
			buildSettings = {
				CODE_SIGN_STYLE = Automatic;
				CURRENT_PROJECT_VERSION = 1;
				GENERATE_INFOPLIST_FILE = YES;
				MARKETING_VERSION = 1.0;
				PRODUCT_BUNDLE_IDENTIFIER = maciej.zadanie7UITests;
				PRODUCT_NAME = "$(TARGET_NAME)";
				SWIFT_EMIT_LOC_STRINGS = NO;
				SWIFT_VERSION = 5.0;
				TARGETED_DEVICE_FAMILY = "1,2";
				TEST_TARGET_NAME = zadanie7;
			};
			name = Release;
		};
/* End XCBuildConfiguration section */

/* Begin XCConfigurationList section */
		A67D15A42F2D346A0083A3A1 /* Build configuration list for PBXProject "zadanie7" */ = {
			isa = XCConfigurationList;
			buildConfigurations = (
				A67D15C82F2D346C0083A3A1 /* Debug */,
				A67D15C92F2D346C0083A3A1 /* Release */,
			);
			defaultConfigurationIsVisible = 0;
			defaultConfigurationName = Release;
		};
		A67D15CA2F2D346C0083A3A1 /* Build configuration list for PBXNativeTarget "zadanie7" */ = {
			isa = XCConfigurationList;
			buildConfigurations = (
				A67D15CB2F2D346C0083A3A1 /* Debug */,
				A67D15CC2F2D346C0083A3A1 /* Release */,
			);
			defaultConfigurationIsVisible = 0;
			defaultConfigurationName = Release;
		};
		A67D15CD2F2D346C0083A3A1 /* Build configuration list for PBXNativeTarget "zadanie7Tests" */ = {
			isa = XCConfigurationList;
			buildConfigurations = (
				A67D15CE2F2D346C0083A3A1 /* Debug */,
				A67D15CF2F2D346C0083A3A1 /* Release */,
			);
			defaultConfigurationIsVisible = 0;
			defaultConfigurationName = Release;
		};
		A67D15D02F2D346C0083A3A1 /* Build configuration list for PBXNativeTarget "zadanie7UITests" */ = {
			isa = XCConfigurationList;
			buildConfigurations = (
				A67D15D12F2D346C0083A3A1 /* Debug */,
				A67D15D22F2D346C0083A3A1 /* Release */,
			);
			defaultConfigurationIsVisible = 0;
			defaultConfigurationName = Release;
		};
/* End XCConfigurationList section */
	};
	rootObject = A67D15A12F2D346A0083A3A1 /* Project object */;
}
